
Microsoft Visual Studio Solution File, Format Version 12.00
# Visual Studio Version 17
VisualStudioVersion = 17.0.32014.148
MinimumVisualStudioVersion = 10.0.40219.1
Project("{FAE04EC0-301F-11D3-BF4B-00C04F79EFBC}") = "RPGgame", "RPGgame.csproj", "{988B4688-1C64-41B0-AE17-F3EED579DE06}"
EndProject
Project("{FAE04EC0-301F-11D3-BF4B-00C04F79EFBC}") = "RPGMapMaker", "..\RPGMapMaker\RPGMapMaker.csproj", "{4E90A72A-4604-4A72-A249-AE1BD274CF62}"
EndProject
Global
	GlobalSection(SolutionConfigurationPlatforms) = preSolution
		Debug|Any CPU = Debug|Any CPU
		Release|Any CPU = Release|Any CPU
	EndGlobalSection
	GlobalSection(ProjectConfigurationPlatforms) = postSolution
		{988B4688-1C64-41B0-AE17-F3EED579DE06}.Debug|Any CPU.ActiveCfg = Debug|Any CPU
		{988B4688-1C64-41B0-AE17-F3EED579DE06}.Debug|Any CPU.Build.0 = Debug|Any CPU
		{988B4688-1C64-41B0-AE17-F3EED579DE06}.Release|Any CPU.ActiveCfg = Release|Any CPU
		{988B4688-1C64-41B0-AE17-F3EED579DE06}.Release|Any CPU.Build.0 = Release|Any CPU
		{4E90A72A-4604-4A72-A249-AE1BD274CF62}.Debug|Any CPU.ActiveCfg = Debug|Any CPU
		{4E90A72A-4604-4A72-A249-AE1BD274CF62}.Debug|Any CPU.Build.0 = Debug|Any CPU
		{4E90A72A-4604-4A72-A249-AE1BD274CF62}.Release|Any CPU.ActiveCfg = Release|Any CPU
		{4E90A72A-4604-4A72-A249-AE1BD274CF62}.Release|Any CPU.Build.0 = Release|Any CPU
	EndGlobalSection
	GlobalSection(SolutionProperties) = preSolution
		HideSolutionNode = FALSE
	EndGlobalSection
	GlobalSection(ExtensibilityGlobals) = postSolution
		SolutionGuid = {5E113ABE-C323-416C-96E4-1D5C2E2B953A}
	EndGlobalSection
EndGlobal
